{
  "name": "10-plus-node-practice",
  "version": "1.0.0",
  "lockfileVersion": 1,
  "requires": true,
  "dependencies": {
    "@types/tinycolor2": {
      "version": "1.4.2",
      "resolved": "https://registry.npm.taobao.org/@types/tinycolor2/download/@types/tinycolor2-1.4.2.tgz",
      "integrity": "sha1-chylxdGimItKiG41wv/Fc1tq+98="
    },
    "ansi-escapes": {
      "version": "3.2.0",
      "resolved": "http://registry.npm.taobao.org/ansi-escapes/download/ansi-escapes-3.2.0.tgz",
      "integrity": "sha1-h4C5j/nb9WOBUtHx/lwde0RCl2s="
    },
    "ansi-regex": {
      "version": "2.1.1",
      "resolved": "http://registry.npm.taobao.org/ansi-regex/download/ansi-regex-2.1.1.tgz",
      "integrity": "sha1-w7M6te42DYbg5ijwRorn7yfWVN8="
    },
    "ansi-styles": {
      "version": "3.2.1",
      "resolved": "http://registry.npm.taobao.org/ansi-styles/download/ansi-styles-3.2.1.tgz",
      "integrity": "sha1-QfuyAkPlCxK+DwS43tvwdSDOhB0=",
      "requires": {
        "color-convert": "^1.9.0"
      }
    },
    "array-find-index": {
      "version": "1.0.2",
      "resolved": "http://registry.npm.taobao.org/array-find-index/download/array-find-index-1.0.2.tgz",
      "integrity": "sha1-3wEKoSh+Fku9pvlyOwqWoexBh6E="
    },
    "arrify": {
      "version": "1.0.1",
      "resolved": "http://registry.npm.taobao.org/arrify/download/arrify-1.0.1.tgz",
      "integrity": "sha1-iYUI2iIm84DfkEcoRWhJwVAaSw0="
    },
    "async": {
      "version": "0.9.2",
      "resolved": "http://registry.npm.taobao.org/async/download/async-0.9.2.tgz?cache=0&other_urls=http%3A%2F%2Fregistry.npm.taobao.org%2Fasync%2Fdownload%2Fasync-0.9.2.tgz",
      "integrity": "sha1-rqdNXmHB+JlhO/ZL2mbUx48v0X0="
    },
    "axios": {
      "version": "0.18.1",
      "resolved": "https://registry.npmjs.org/axios/-/axios-0.18.1.tgz",
      "integrity": "sha512-0BfJq4NSfQXd+SkFdrvFbG7addhYSBA2mQwISr46pD6E5iqkWg02RAs8vyTT/j0RTnoYmeXauBuSv1qKwR179g==",
      "requires": {
        "follow-redirects": "1.5.10",
        "is-buffer": "^2.0.2"
      }
    },
    "bindings": {
      "version": "1.5.0",
      "resolved": "http://registry.npm.taobao.org/bindings/download/bindings-1.5.0.tgz",
      "integrity": "sha1-EDU8npRTNLwFEabZCzj7x8nFBN8=",
      "requires": {
        "file-uri-to-path": "1.0.0"
      }
    },
    "camelcase": {
      "version": "4.1.0",
      "resolved": "https://registry.npm.taobao.org/camelcase/download/camelcase-4.1.0.tgz?cache=0&sync_timestamp=1586229901005&other_urls=https%3A%2F%2Fregistry.npm.taobao.org%2Fcamelcase%2Fdownload%2Fcamelcase-4.1.0.tgz",
      "integrity": "sha1-1UVjW+HjPFQmScaRc+Xeas+uNN0="
    },
    "camelcase-keys": {
      "version": "4.2.0",
      "resolved": "https://registry.npm.taobao.org/camelcase-keys/download/camelcase-keys-4.2.0.tgz",
      "integrity": "sha1-oqpfsa9oh1glnDLBQUJteJI7m3c=",
      "requires": {
        "camelcase": "^4.1.0",
        "map-obj": "^2.0.0",
        "quick-lru": "^1.0.0"
      }
    },
    "chalk": {
      "version": "2.4.2",
      "resolved": "http://registry.npm.taobao.org/chalk/download/chalk-2.4.2.tgz?cache=0&other_urls=http%3A%2F%2Fregistry.npm.taobao.org%2Fchalk%2Fdownload%2Fchalk-2.4.2.tgz",
      "integrity": "sha1-zUJUFnelQzPPVBpJEIwUMrRMlCQ=",
      "requires": {
        "ansi-styles": "^3.2.1",
        "escape-string-regexp": "^1.0.5",
        "supports-color": "^5.3.0"
      }
    },
    "chalk-animation": {
      "version": "1.6.0",
      "resolved": "https://registry.npm.taobao.org/chalk-animation/download/chalk-animation-1.6.0.tgz",
      "integrity": "sha1-33+pHFWp7Sk51NKHojrQN0R5+tA=",
      "requires": {
        "chalk": "^2.3.2",
        "gradient-string": "^1.1.0",
        "meow": "^4.0.0"
      }
    },
    "chardet": {
      "version": "0.7.0",
      "resolved": "http://registry.npm.taobao.org/chardet/download/chardet-0.7.0.tgz",
      "integrity": "sha1-kAlISfCTfy7twkJdDSip5fDLrZ4="
    },
    "cli-color": {
      "version": "1.4.0",
      "resolved": "http://registry.npm.taobao.org/cli-color/download/cli-color-1.4.0.tgz",
      "integrity": "sha1-fRBzj0hSaCT4/n2lGFfLD1cv4B8=",
      "requires": {
        "ansi-regex": "^2.1.1",
        "d": "1",
        "es5-ext": "^0.10.46",
        "es6-iterator": "^2.0.3",
        "memoizee": "^0.4.14",
        "timers-ext": "^0.1.5"
      }
    },
    "cli-cursor": {
      "version": "2.1.0",
      "resolved": "http://registry.npm.taobao.org/cli-cursor/download/cli-cursor-2.1.0.tgz",
      "integrity": "sha1-s12sN2R5+sw+lHR9QdDQ9SOP/LU=",
      "requires": {
        "restore-cursor": "^2.0.0"
      }
    },
    "cli-table": {
      "version": "0.3.1",
      "resolved": "http://registry.npm.taobao.org/cli-table/download/cli-table-0.3.1.tgz",
      "integrity": "sha1-9TsFJmqLGguTSz0IIebi3FkUriM=",
      "requires": {
        "colors": "1.0.3"
      }
    },
    "cli-width": {
      "version": "2.2.0",
      "resolved": "http://registry.npm.taobao.org/cli-width/download/cli-width-2.2.0.tgz",
      "integrity": "sha1-/xnt6Kml5XkyQUewwR8PvLq+1jk="
    },
    "color-convert": {
      "version": "1.9.3",
      "resolved": "http://registry.npm.taobao.org/color-convert/download/color-convert-1.9.3.tgz",
      "integrity": "sha1-u3GFBpDh8TZWfeYp0tVHHe2kweg=",
      "requires": {
        "color-name": "1.1.3"
      }
    },
    "color-name": {
      "version": "1.1.3",
      "resolved": "http://registry.npm.taobao.org/color-name/download/color-name-1.1.3.tgz",
      "integrity": "sha1-p9BVi9icQveV3UIyj3QIMcpTvCU="
    },
    "colors": {
      "version": "1.0.3",
      "resolved": "http://registry.npm.taobao.org/colors/download/colors-1.0.3.tgz",
      "integrity": "sha1-BDP0TYCWgP3rYO0mDxsMJi6CpAs="
    },
    "compare-versions": {
      "version": "3.4.0",
      "resolved": "http://registry.npm.taobao.org/compare-versions/download/compare-versions-3.4.0.tgz",
      "integrity": "sha1-4HR99cnLfwVNbT3D4dvERPnpKyY="
    },
    "core-util-is": {
      "version": "1.0.2",
      "resolved": "http://registry.npm.taobao.org/core-util-is/download/core-util-is-1.0.2.tgz",
      "integrity": "sha1-tf1UIgqivFq1eqtxQMlAdUUDwac="
    },
    "cowsay": {
      "version": "1.4.0",
      "resolved": "https://registry.npm.taobao.org/cowsay/download/cowsay-1.4.0.tgz",
      "integrity": "sha1-fHTpPSxCVCZDE1eWV3w9fmKLpOo=",
      "dev": true,
      "requires": {
        "get-stdin": "^5.0.1",
        "optimist": "~0.6.1",
        "string-width": "~2.1.1",
        "strip-eof": "^1.0.0"
      }
    },
    "currently-unhandled": {
      "version": "0.4.1",
      "resolved": "http://registry.npm.taobao.org/currently-unhandled/download/currently-unhandled-0.4.1.tgz",
      "integrity": "sha1-mI3zP+qxke95mmE2nddsF635V+o=",
      "requires": {
        "array-find-index": "^1.0.1"
      }
    },
    "d": {
      "version": "1.0.0",
      "resolved": "http://registry.npm.taobao.org/d/download/d-1.0.0.tgz",
      "integrity": "sha1-dUu1v+VUUdpppYuU1F9MWwRi1Y8=",
      "requires": {
        "es5-ext": "^0.10.9"
      }
    },
    "debug": {
      "version": "3.1.0",
      "resolved": "https://registry.npmjs.org/debug/-/debug-3.1.0.tgz",
      "integrity": "sha512-OX8XqP7/1a9cqkxYw2yXss15f26NKWBpDXQd0/uK/KPqdQhxbPa994hnzjcE2VqQpDslf55723cKPUOGSmMY3g==",
      "requires": {
        "ms": "2.0.0"
      }
    },
    "decamelize": {
      "version": "1.2.0",
      "resolved": "https://registry.npm.taobao.org/decamelize/download/decamelize-1.2.0.tgz?cache=0&sync_timestamp=1580010393599&other_urls=https%3A%2F%2Fregistry.npm.taobao.org%2Fdecamelize%2Fdownload%2Fdecamelize-1.2.0.tgz",
      "integrity": "sha1-9lNNFRSCabIDUue+4m9QH5oZEpA="
    },
    "decamelize-keys": {
      "version": "1.1.0",
      "resolved": "http://registry.npm.taobao.org/decamelize-keys/download/decamelize-keys-1.1.0.tgz",
      "integrity": "sha1-0XGoeTMlKAfrPLYdwcFEXQeN8tk=",
      "requires": {
        "decamelize": "^1.1.0",
        "map-obj": "^1.0.0"
      },
      "dependencies": {
        "map-obj": {
          "version": "1.0.1",
          "resolved": "https://registry.npm.taobao.org/map-obj/download/map-obj-1.0.1.tgz",
          "integrity": "sha1-2TPOuSBdgr3PSIb2dCvcK03qFG0="
        }
      }
    },
    "error-ex": {
      "version": "1.3.2",
      "resolved": "http://registry.npm.taobao.org/error-ex/download/error-ex-1.3.2.tgz",
      "integrity": "sha1-tKxAZIEH/c3PriQvQovqihTU8b8=",
      "requires": {
        "is-arrayish": "^0.2.1"
      }
    },
    "es5-ext": {
      "version": "0.10.49",
      "resolved": "http://registry.npm.taobao.org/es5-ext/download/es5-ext-0.10.49.tgz",
      "integrity": "sha1-BZojnehiyUSU/sKPgVDJdwKMbF4=",
      "requires": {
        "es6-iterator": "~2.0.3",
        "es6-symbol": "~3.1.1",
        "next-tick": "^1.0.0"
      }
    },
    "es6-iterator": {
      "version": "2.0.3",
      "resolved": "http://registry.npm.taobao.org/es6-iterator/download/es6-iterator-2.0.3.tgz",
      "integrity": "sha1-p96IkUGgWpSwhUQDstCg+/qY87c=",
      "requires": {
        "d": "1",
        "es5-ext": "^0.10.35",
        "es6-symbol": "^3.1.1"
      }
    },
    "es6-symbol": {
      "version": "3.1.1",
      "resolved": "http://registry.npm.taobao.org/es6-symbol/download/es6-symbol-3.1.1.tgz",
      "integrity": "sha1-vwDvT9q2uhtG7Le2KbTH7VcVzHc=",
      "requires": {
        "d": "1",
        "es5-ext": "~0.10.14"
      }
    },
    "es6-weak-map": {
      "version": "2.0.2",
      "resolved": "http://registry.npm.taobao.org/es6-weak-map/download/es6-weak-map-2.0.2.tgz",
      "integrity": "sha1-XjqzIlH/0VOKH45f+hNXdy+S2W8=",
      "requires": {
        "d": "1",
        "es5-ext": "^0.10.14",
        "es6-iterator": "^2.0.1",
        "es6-symbol": "^3.1.1"
      }
    },
    "escape-string-regexp": {
      "version": "1.0.5",
      "resolved": "http://registry.npm.taobao.org/escape-string-regexp/download/escape-string-regexp-1.0.5.tgz",
      "integrity": "sha1-G2HAViGQqN/2rjuyzwIAyhMLhtQ="
    },
    "event-emitter": {
      "version": "0.3.5",
      "resolved": "http://registry.npm.taobao.org/event-emitter/download/event-emitter-0.3.5.tgz",
      "integrity": "sha1-34xp7vFkeSPHFXuc6DhAYQsCzDk=",
      "requires": {
        "d": "1",
        "es5-ext": "~0.10.14"
      }
    },
    "external-editor": {
      "version": "3.0.3",
      "resolved": "http://registry.npm.taobao.org/external-editor/download/external-editor-3.0.3.tgz",
      "integrity": "sha1-WGbbKal4Jtvkvzr9JAcOrZ6kOic=",
      "requires": {
        "chardet": "^0.7.0",
        "iconv-lite": "^0.4.24",
        "tmp": "^0.0.33"
      }
    },
    "figures": {
      "version": "2.0.0",
      "resolved": "http://registry.npm.taobao.org/figures/download/figures-2.0.0.tgz",
      "integrity": "sha1-OrGi0qYsi/tDGgyUy3l6L84nyWI=",
      "requires": {
        "escape-string-regexp": "^1.0.5"
      }
    },
    "file-uri-to-path": {
      "version": "1.0.0",
      "resolved": "http://registry.npm.taobao.org/file-uri-to-path/download/file-uri-to-path-1.0.0.tgz",
      "integrity": "sha1-VTp7hEb/b2hDWcRF8eN6BdrMM90="
    },
    "find-up": {
      "version": "2.1.0",
      "resolved": "https://registry.npm.taobao.org/find-up/download/find-up-2.1.0.tgz",
      "integrity": "sha1-RdG35QbHF93UgndaK3eSCjwMV6c=",
      "requires": {
        "locate-path": "^2.0.0"
      }
    },
    "follow-redirects": {
      "version": "1.5.10",
      "resolved": "https://registry.npmjs.org/follow-redirects/-/follow-redirects-1.5.10.tgz",
      "integrity": "sha512-0V5l4Cizzvqt5D44aTXbFZz+FtyXV1vrDN6qrelxtfYQKW0KO0W2T/hkE8xvGa/540LkZlkaUjO4ailYTFtHVQ==",
      "requires": {
        "debug": "=3.1.0"
      }
    },
    "get-stdin": {
      "version": "5.0.1",
      "resolved": "https://registry.npm.taobao.org/get-stdin/download/get-stdin-5.0.1.tgz",
      "integrity": "sha1-Ei4WFZHiH/TFJTAwVpPyDmOTo5g=",
      "dev": true
    },
    "graceful-fs": {
      "version": "4.2.4",
      "resolved": "https://registry.npm.taobao.org/graceful-fs/download/graceful-fs-4.2.4.tgz?cache=0&sync_timestamp=1588086924019&other_urls=https%3A%2F%2Fregistry.npm.taobao.org%2Fgraceful-fs%2Fdownload%2Fgraceful-fs-4.2.4.tgz",
      "integrity": "sha1-Ila94U02MpWMRl68ltxGfKB6Kfs="
    },
    "gradient-string": {
      "version": "1.2.0",
      "resolved": "https://registry.npm.taobao.org/gradient-string/download/gradient-string-1.2.0.tgz",
      "integrity": "sha1-k/OfLHyNywlWCMLM8KrCSqMV+6w=",
      "requires": {
        "chalk": "^2.4.1",
        "tinygradient": "^0.4.1"
      }
    },
    "has-flag": {
      "version": "2.0.0",
      "resolved": "http://registry.npm.taobao.org/has-flag/download/has-flag-2.0.0.tgz",
      "integrity": "sha1-6CB68cx7MNRGzHC3NLXovhj4jVE="
    },
    "home": {
      "version": "0.1.8",
      "resolved": "http://registry.npm.taobao.org/home/download/home-0.1.8.tgz",
      "integrity": "sha1-SHjoYJ1XnNQfhwX9QLejDu0U3FQ="
    },
    "hosted-git-info": {
      "version": "2.8.8",
      "resolved": "https://registry.npm.taobao.org/hosted-git-info/download/hosted-git-info-2.8.8.tgz",
      "integrity": "sha1-dTm9S8Hg4KiVgVouAmJCCxKFhIg="
    },
    "iconv-lite": {
      "version": "0.4.24",
      "resolved": "http://registry.npm.taobao.org/iconv-lite/download/iconv-lite-0.4.24.tgz",
      "integrity": "sha1-ICK0sl+93CHS9SSXSkdKr+czkIs=",
      "requires": {
        "safer-buffer": ">= 2.1.2 < 3"
      }
    },
    "indent-string": {
      "version": "3.2.0",
      "resolved": "http://registry.npm.taobao.org/indent-string/download/indent-string-3.2.0.tgz",
      "integrity": "sha1-Sl/W0nzDMvN+VBmlBNu4NxBckok="
    },
    "inherits": {
      "version": "2.0.3",
      "resolved": "http://registry.npm.taobao.org/inherits/download/inherits-2.0.3.tgz",
      "integrity": "sha1-Yzwsg+PaQqUC9SRmAiSA9CCCYd4="
    },
    "inquirer": {
      "version": "6.2.2",
      "resolved": "http://registry.npm.taobao.org/inquirer/download/inquirer-6.2.2.tgz",
      "integrity": "sha1-RpQRdvZcnrIIBGJxSbdDohjyVAY=",
      "requires": {
        "ansi-escapes": "^3.2.0",
        "chalk": "^2.4.2",
        "cli-cursor": "^2.1.0",
        "cli-width": "^2.0.0",
        "external-editor": "^3.0.3",
        "figures": "^2.0.0",
        "lodash": "^4.17.11",
        "mute-stream": "0.0.7",
        "run-async": "^2.2.0",
        "rxjs": "^6.4.0",
        "string-width": "^2.1.0",
        "strip-ansi": "^5.0.0",
        "through": "^2.3.6"
      }
    },
    "is-arrayish": {
      "version": "0.2.1",
      "resolved": "http://registry.npm.taobao.org/is-arrayish/download/is-arrayish-0.2.1.tgz",
      "integrity": "sha1-d8mYQFJ6qOyxqLppe4BkWnqSap0="
    },
    "is-buffer": {
      "version": "2.0.4",
      "resolved": "https://registry.npmjs.org/is-buffer/-/is-buffer-2.0.4.tgz",
      "integrity": "sha512-Kq1rokWXOPXWuaMAqZiJW4XxsmD9zGx9q4aePabbn3qCRGedtH7Cm+zV8WETitMfu1wdh+Rvd6w5egwSngUX2A=="
    },
    "is-fullwidth-code-point": {
      "version": "2.0.0",
      "resolved": "http://registry.npm.taobao.org/is-fullwidth-code-point/download/is-fullwidth-code-point-2.0.0.tgz",
      "integrity": "sha1-o7MKXE8ZkYMWeqq5O+764937ZU8="
    },
    "is-plain-obj": {
      "version": "1.1.0",
      "resolved": "https://registry.npm.taobao.org/is-plain-obj/download/is-plain-obj-1.1.0.tgz?cache=0&sync_timestamp=1579603005816&other_urls=https%3A%2F%2Fregistry.npm.taobao.org%2Fis-plain-obj%2Fdownload%2Fis-plain-obj-1.1.0.tgz",
      "integrity": "sha1-caUMhCnfync8kqOQpKA7OfzVHT4="
    },
    "is-promise": {
      "version": "2.1.0",
      "resolved": "http://registry.npm.taobao.org/is-promise/download/is-promise-2.1.0.tgz",
      "integrity": "sha1-eaKp7OfwlugPNtKy87wWwf9L8/o="
    },
    "isarray": {
      "version": "0.0.1",
      "resolved": "http://registry.npm.taobao.org/isarray/download/isarray-0.0.1.tgz",
      "integrity": "sha1-ihis/Kmo9Bd+Cav8YDiTmwXR7t8="
    },
    "json-parse-better-errors": {
      "version": "1.0.2",
      "resolved": "http://registry.npm.taobao.org/json-parse-better-errors/download/json-parse-better-errors-1.0.2.tgz",
      "integrity": "sha1-u4Z8+zRQ5pEHwTHRxRS6s9yLyqk="
    },
    "keypress": {
      "version": "0.2.1",
      "resolved": "http://registry.npm.taobao.org/keypress/download/keypress-0.2.1.tgz",
      "integrity": "sha1-HoBFQlABjbrUw/6USX1uZ7YmnHc="
    },
    "lame": {
      "version": "1.2.4",
      "resolved": "http://registry.npm.taobao.org/lame/download/lame-1.2.4.tgz",
      "integrity": "sha1-VGgBUU4t6MoMie7yIogMjcZxJIU=",
      "requires": {
        "bindings": "^1.2.1",
        "debug": "^2.2.0",
        "nan": "^2.3.5",
        "readable-stream": "^1.0.34"
      },
      "dependencies": {
        "debug": {
          "version": "2.6.9",
          "resolved": "http://registry.npm.taobao.org/debug/download/debug-2.6.9.tgz",
          "integrity": "sha1-XRKFFd8TT/Mn6QpMk/Tgd6U2NB8=",
          "requires": {
            "ms": "2.0.0"
          }
        },
        "ms": {
          "version": "2.0.0",
          "resolved": "http://registry.npm.taobao.org/ms/download/ms-2.0.0.tgz",
          "integrity": "sha1-VgiurfwAvmwpAd9fmGF4jeDVl8g="
        }
      }
    },
    "load-json-file": {
      "version": "4.0.0",
      "resolved": "https://registry.npm.taobao.org/load-json-file/download/load-json-file-4.0.0.tgz",
      "integrity": "sha1-L19Fq5HjMhYjT9U62rZo607AmTs=",
      "requires": {
        "graceful-fs": "^4.1.2",
        "parse-json": "^4.0.0",
        "pify": "^3.0.0",
        "strip-bom": "^3.0.0"
      }
    },
    "locate-path": {
      "version": "2.0.0",
      "resolved": "https://registry.npm.taobao.org/locate-path/download/locate-path-2.0.0.tgz",
      "integrity": "sha1-K1aLJl7slExtnA3pw9u7ygNUzY4=",
      "requires": {
        "p-locate": "^2.0.0",
        "path-exists": "^3.0.0"
      }
    },
    "lodash": {
      "version": "4.17.11",
      "resolved": "http://registry.npm.taobao.org/lodash/download/lodash-4.17.11.tgz",
      "integrity": "sha1-s56mIp72B+zYniyN8SU2iRysm40="
    },
    "loud-rejection": {
      "version": "1.6.0",
      "resolved": "https://registry.npm.taobao.org/loud-rejection/download/loud-rejection-1.6.0.tgz",
      "integrity": "sha1-W0b4AUft7leIcPCG0Eghz5mOVR8=",
      "requires": {
        "currently-unhandled": "^0.4.1",
        "signal-exit": "^3.0.0"
      }
    },
    "lru-queue": {
      "version": "0.1.0",
      "resolved": "http://registry.npm.taobao.org/lru-queue/download/lru-queue-0.1.0.tgz",
      "integrity": "sha1-Jzi9nw089PhEkMVzbEhpmsYyzaM=",
      "requires": {
        "es5-ext": "~0.10.2"
      }
    },
    "map-obj": {
      "version": "2.0.0",
      "resolved": "https://registry.npm.taobao.org/map-obj/download/map-obj-2.0.0.tgz",
      "integrity": "sha1-plzSkIepJZi4eRJXpSPgISIqwfk="
    },
    "memoizee": {
      "version": "0.4.14",
      "resolved": "http://registry.npm.taobao.org/memoizee/download/memoizee-0.4.14.tgz",
      "integrity": "sha1-B6APIEaZ+alcLZ53IYJxx81hDVc=",
      "requires": {
        "d": "1",
        "es5-ext": "^0.10.45",
        "es6-weak-map": "^2.0.2",
        "event-emitter": "^0.3.5",
        "is-promise": "^2.1",
        "lru-queue": "0.1",
        "next-tick": "1",
        "timers-ext": "^0.1.5"
      }
    },
    "meow": {
      "version": "4.0.1",
      "resolved": "https://registry.npm.taobao.org/meow/download/meow-4.0.1.tgz",
      "integrity": "sha1-1IWY9vSxRy81v2MXqVlFrONH+XU=",
      "requires": {
        "camelcase-keys": "^4.0.0",
        "decamelize-keys": "^1.0.0",
        "loud-rejection": "^1.0.0",
        "minimist": "^1.1.3",
        "minimist-options": "^3.0.1",
        "normalize-package-data": "^2.3.4",
        "read-pkg-up": "^3.0.0",
        "redent": "^2.0.0",
        "trim-newlines": "^2.0.0"
      }
    },
    "mimic-fn": {
      "version": "1.2.0",
      "resolved": "http://registry.npm.taobao.org/mimic-fn/download/mimic-fn-1.2.0.tgz",
      "integrity": "sha1-ggyGo5M0ZA6ZUWkovQP8qIBX0CI="
    },
    "minimist": {
      "version": "1.2.5",
      "resolved": "https://registry.npm.taobao.org/minimist/download/minimist-1.2.5.tgz",
      "integrity": "sha1-Z9ZgFLZqaoqqDAg8X9WN9OTpdgI="
    },
    "minimist-options": {
      "version": "3.0.2",
      "resolved": "https://registry.npm.taobao.org/minimist-options/download/minimist-options-3.0.2.tgz?cache=0&other_urls=https%3A%2F%2Fregistry.npm.taobao.org%2Fminimist-options%2Fdownload%2Fminimist-options-3.0.2.tgz",
      "integrity": "sha1-+6TIGRM54T7PTWG+sD8HAQPz2VQ=",
      "requires": {
        "arrify": "^1.0.1",
        "is-plain-obj": "^1.1.0"
      }
    },
    "moment": {
      "version": "2.26.0",
      "resolved": "https://registry.npm.taobao.org/moment/download/moment-2.26.0.tgz?cache=0&other_urls=https%3A%2F%2Fregistry.npm.taobao.org%2Fmoment%2Fdownload%2Fmoment-2.26.0.tgz",
      "integrity": "sha1-Xh+Cxrr8pug+gIswyHBe7Q3L05o="
    },
    "ms": {
      "version": "2.0.0",
      "resolved": "https://registry.npmjs.org/ms/-/ms-2.0.0.tgz",
      "integrity": "sha1-VgiurfwAvmwpAd9fmGF4jeDVl8g="
    },
    "mute-stream": {
      "version": "0.0.7",
      "resolved": "http://registry.npm.taobao.org/mute-stream/download/mute-stream-0.0.7.tgz",
      "integrity": "sha1-MHXOk7whuPq0PhvE2n6BFe0ee6s="
    },
    "nan": {
      "version": "2.13.2",
      "resolved": "http://registry.npm.taobao.org/nan/download/nan-2.13.2.tgz",
      "integrity": "sha1-9R3Hrma6fV1V4ebU2AkugCya7+c="
    },
    "next-tick": {
      "version": "1.0.0",
      "resolved": "http://registry.npm.taobao.org/next-tick/download/next-tick-1.0.0.tgz",
      "integrity": "sha1-yobR/ogoFpsBICCOPchCS524NCw="
    },
    "normalize-package-data": {
      "version": "2.5.0",
      "resolved": "http://registry.npm.taobao.org/normalize-package-data/download/normalize-package-data-2.5.0.tgz",
      "integrity": "sha1-5m2xg4sgDB38IzIl0SyzZSDiNKg=",
      "requires": {
        "hosted-git-info": "^2.1.4",
        "resolve": "^1.10.0",
        "semver": "2 || 3 || 4 || 5",
        "validate-npm-package-license": "^3.0.1"
      }
    },
    "onetime": {
      "version": "2.0.1",
      "resolved": "http://registry.npm.taobao.org/onetime/download/onetime-2.0.1.tgz",
      "integrity": "sha1-BnQoIw/WdEOyeUsiu6UotoZ5YtQ=",
      "requires": {
        "mimic-fn": "^1.0.0"
      }
    },
    "optimist": {
      "version": "0.6.1",
      "resolved": "https://registry.npm.taobao.org/optimist/download/optimist-0.6.1.tgz",
      "integrity": "sha1-2j6nRob6IaGaERwybpDrFaAZZoY=",
      "dev": true,
      "requires": {
        "minimist": "~0.0.1",
        "wordwrap": "~0.0.2"
      },
      "dependencies": {
        "minimist": {
          "version": "0.0.10",
          "resolved": "https://registry.npm.taobao.org/minimist/download/minimist-0.0.10.tgz",
          "integrity": "sha1-3j+YVD2/lggr5IrRoMfNqDYwHc8=",
          "dev": true
        }
      }
    },
    "os-tmpdir": {
      "version": "1.0.2",
      "resolved": "http://registry.npm.taobao.org/os-tmpdir/download/os-tmpdir-1.0.2.tgz",
      "integrity": "sha1-u+Z0BseaqFxc/sdm/lc0VV36EnQ="
    },
    "p-limit": {
      "version": "1.3.0",
      "resolved": "https://registry.npm.taobao.org/p-limit/download/p-limit-1.3.0.tgz?cache=0&sync_timestamp=1586101408834&other_urls=https%3A%2F%2Fregistry.npm.taobao.org%2Fp-limit%2Fdownload%2Fp-limit-1.3.0.tgz",
      "integrity": "sha1-uGvV8MJWkJEcdZD8v8IBDVSzzLg=",
      "requires": {
        "p-try": "^1.0.0"
      }
    },
    "p-locate": {
      "version": "2.0.0",
      "resolved": "http://registry.npm.taobao.org/p-locate/download/p-locate-2.0.0.tgz",
      "integrity": "sha1-IKAQOyIqcMj9OcwuWAaA893l7EM=",
      "requires": {
        "p-limit": "^1.1.0"
      }
    },
    "p-try": {
      "version": "1.0.0",
      "resolved": "http://registry.npm.taobao.org/p-try/download/p-try-1.0.0.tgz",
      "integrity": "sha1-y8ec26+P1CKOE/Yh8rGiN8GyB7M="
    },
    "parse-json": {
      "version": "4.0.0",
      "resolved": "https://registry.npm.taobao.org/parse-json/download/parse-json-4.0.0.tgz",
      "integrity": "sha1-vjX1Qlvh9/bHRxhPmKeIy5lHfuA=",
      "requires": {
        "error-ex": "^1.3.1",
        "json-parse-better-errors": "^1.0.1"
      }
    },
    "path-exists": {
      "version": "3.0.0",
      "resolved": "http://registry.npm.taobao.org/path-exists/download/path-exists-3.0.0.tgz",
      "integrity": "sha1-zg6+ql94yxiSXqfYENe1mwEP1RU="
    },
    "path-parse": {
      "version": "1.0.6",
      "resolved": "http://registry.npm.taobao.org/path-parse/download/path-parse-1.0.6.tgz",
      "integrity": "sha1-1i27VnlAXXLEc37FhgDp3c8G0kw="
    },
    "path-type": {
      "version": "3.0.0",
      "resolved": "http://registry.npm.taobao.org/path-type/download/path-type-3.0.0.tgz",
      "integrity": "sha1-zvMdyOCho7sNEFwM2Xzzv0f0428=",
      "requires": {
        "pify": "^3.0.0"
      }
    },
    "pcm-volume": {
      "version": "1.0.0",
      "resolved": "http://registry.npm.taobao.org/pcm-volume/download/pcm-volume-1.0.0.tgz",
      "integrity": "sha1-6qhRyUloq24ULOLhKVNwi+Sn8MA=",
      "requires": {
        "inherits": "^2.0.1"
      }
    },
    "pify": {
      "version": "3.0.0",
      "resolved": "https://registry.npm.taobao.org/pify/download/pify-3.0.0.tgz",
      "integrity": "sha1-5aSs0sEB/fPZpNB/DbxNtJ3SgXY="
    },
    "player": {
      "version": "0.6.1",
      "resolved": "http://registry.npm.taobao.org/player/download/player-0.6.1.tgz",
      "integrity": "sha1-hHFkvdhl6yqOOGNuFNEoMI0nrEQ=",
      "requires": {
        "async": "^0.9.0",
        "follow-redirects": "0.0.7",
        "home": "^0.1.3",
        "keypress": "^0.2.1",
        "lame": "^1.2.2",
        "pcm-volume": "^1.0.0",
        "pool_stream": "0.0.2",
        "speaker": "^0.2.6",
        "underscore": "~1.6.0"
      },
      "dependencies": {
        "debug": {
          "version": "2.6.9",
          "resolved": "http://registry.npm.taobao.org/debug/download/debug-2.6.9.tgz",
          "integrity": "sha1-XRKFFd8TT/Mn6QpMk/Tgd6U2NB8=",
          "requires": {
            "ms": "2.0.0"
          }
        },
        "follow-redirects": {
          "version": "0.0.7",
          "resolved": "http://registry.npm.taobao.org/follow-redirects/download/follow-redirects-0.0.7.tgz",
          "integrity": "sha1-NLkLqyqRGqNHVx2pDyK9NuzYqRk=",
          "requires": {
            "debug": "^2.2.0",
            "stream-consume": "^0.1.0"
          }
        },
        "ms": {
          "version": "2.0.0",
          "resolved": "http://registry.npm.taobao.org/ms/download/ms-2.0.0.tgz",
          "integrity": "sha1-VgiurfwAvmwpAd9fmGF4jeDVl8g="
        }
      }
    },
    "pool_stream": {
      "version": "0.0.2",
      "resolved": "http://registry.npm.taobao.org/pool_stream/download/pool_stream-0.0.2.tgz",
      "integrity": "sha1-OB5wB2WkpSNgwwzdi+I3AqGnj94="
    },
    "quick-lru": {
      "version": "1.1.0",
      "resolved": "https://registry.npm.taobao.org/quick-lru/download/quick-lru-1.1.0.tgz",
      "integrity": "sha1-Q2CxfGETatOAeDl/8RQW4Ybc+7g="
    },
    "read-pkg": {
      "version": "3.0.0",
      "resolved": "https://registry.npm.taobao.org/read-pkg/download/read-pkg-3.0.0.tgz?cache=0&other_urls=https%3A%2F%2Fregistry.npm.taobao.org%2Fread-pkg%2Fdownload%2Fread-pkg-3.0.0.tgz",
      "integrity": "sha1-nLxoaXj+5l0WwA4rGcI3/Pbjg4k=",
      "requires": {
        "load-json-file": "^4.0.0",
        "normalize-package-data": "^2.3.2",
        "path-type": "^3.0.0"
      }
    },
    "read-pkg-up": {
      "version": "3.0.0",
      "resolved": "https://registry.npm.taobao.org/read-pkg-up/download/read-pkg-up-3.0.0.tgz",
      "integrity": "sha1-PtSWaF26D4/hGNBpHcUfSh/5bwc=",
      "requires": {
        "find-up": "^2.0.0",
        "read-pkg": "^3.0.0"
      }
    },
    "readable-stream": {
      "version": "1.1.14",
      "resolved": "http://registry.npm.taobao.org/readable-stream/download/readable-stream-1.1.14.tgz",
      "integrity": "sha1-fPTFTvZI44EwhMY23SB54WbAgdk=",
      "requires": {
        "core-util-is": "~1.0.0",
        "inherits": "~2.0.1",
        "isarray": "0.0.1",
        "string_decoder": "~0.10.x"
      }
    },
    "redent": {
      "version": "2.0.0",
      "resolved": "https://registry.npm.taobao.org/redent/download/redent-2.0.0.tgz",
      "integrity": "sha1-wbIAe0LVfrE4kHmzyDM2OdXhzKo=",
      "requires": {
        "indent-string": "^3.0.0",
        "strip-indent": "^2.0.0"
      }
    },
    "resolve": {
      "version": "1.17.0",
      "resolved": "https://registry.npm.taobao.org/resolve/download/resolve-1.17.0.tgz",
      "integrity": "sha1-sllBtUloIxzC0bt2p5y38sC/hEQ=",
      "requires": {
        "path-parse": "^1.0.6"
      }
    },
    "restore-cursor": {
      "version": "2.0.0",
      "resolved": "http://registry.npm.taobao.org/restore-cursor/download/restore-cursor-2.0.0.tgz",
      "integrity": "sha1-n37ih/gv0ybU/RYpI9YhKe7g368=",
      "requires": {
        "onetime": "^2.0.0",
        "signal-exit": "^3.0.2"
      }
    },
    "run-async": {
      "version": "2.3.0",
      "resolved": "http://registry.npm.taobao.org/run-async/download/run-async-2.3.0.tgz",
      "integrity": "sha1-A3GrSuC91yDUFm19/aZP96RFpsA=",
      "requires": {
        "is-promise": "^2.1.0"
      }
    },
    "rxjs": {
      "version": "6.4.0",
      "resolved": "http://registry.npm.taobao.org/rxjs/download/rxjs-6.4.0.tgz",
      "integrity": "sha1-87sP572n+2nerAwW8XtQsLh5BQQ=",
      "requires": {
        "tslib": "^1.9.0"
      }
    },
    "safer-buffer": {
      "version": "2.1.2",
      "resolved": "http://registry.npm.taobao.org/safer-buffer/download/safer-buffer-2.1.2.tgz",
      "integrity": "sha1-RPoWGwGHuVSd2Eu5GAL5vYOFzWo="
    },
    "semver": {
      "version": "5.7.1",
      "resolved": "https://registry.npm.taobao.org/semver/download/semver-5.7.1.tgz?cache=0&sync_timestamp=1586886301819&other_urls=https%3A%2F%2Fregistry.npm.taobao.org%2Fsemver%2Fdownload%2Fsemver-5.7.1.tgz",
      "integrity": "sha1-qVT5Ma66UI0we78Gnv8MAclhFvc="
    },
    "signal-exit": {
      "version": "3.0.2",
      "resolved": "http://registry.npm.taobao.org/signal-exit/download/signal-exit-3.0.2.tgz",
      "integrity": "sha1-tf3AjxKH6hF4Yo5BXiUTK3NkbG0="
    },
    "spdx-correct": {
      "version": "3.1.0",
      "resolved": "http://registry.npm.taobao.org/spdx-correct/download/spdx-correct-3.1.0.tgz",
      "integrity": "sha1-+4PlBERSaPFUsHTiGMh8ADzTHfQ=",
      "requires": {
        "spdx-expression-parse": "^3.0.0",
        "spdx-license-ids": "^3.0.0"
      }
    },
    "spdx-exceptions": {
      "version": "2.3.0",
      "resolved": "https://registry.npm.taobao.org/spdx-exceptions/download/spdx-exceptions-2.3.0.tgz?cache=0&sync_timestamp=1587422511430&other_urls=https%3A%2F%2Fregistry.npm.taobao.org%2Fspdx-exceptions%2Fdownload%2Fspdx-exceptions-2.3.0.tgz",
      "integrity": "sha1-PyjOGnegA3JoPq3kpDMYNSeiFj0="
    },
    "spdx-expression-parse": {
      "version": "3.0.1",
      "resolved": "https://registry.npm.taobao.org/spdx-expression-parse/download/spdx-expression-parse-3.0.1.tgz",
      "integrity": "sha1-z3D1BILu/cmOPOCmgz5KU87rpnk=",
      "requires": {
        "spdx-exceptions": "^2.1.0",
        "spdx-license-ids": "^3.0.0"
      }
    },
    "spdx-license-ids": {
      "version": "3.0.5",
      "resolved": "https://registry.npm.taobao.org/spdx-license-ids/download/spdx-license-ids-3.0.5.tgz",
      "integrity": "sha1-NpS1gEVnpFjTyARYQqY1hjL2JlQ="
    },
    "speaker": {
      "version": "0.2.6",
      "resolved": "http://registry.npm.taobao.org/speaker/download/speaker-0.2.6.tgz",
      "integrity": "sha1-0p6Qt94bkmpHcYeW2hHyup68GZo=",
      "requires": {
        "bindings": "~1.2.1",
        "debug": "2",
        "nan": "2",
        "readable-stream": "1.0"
      },
      "dependencies": {
        "bindings": {
          "version": "1.2.1",
          "resolved": "http://registry.npm.taobao.org/bindings/download/bindings-1.2.1.tgz",
          "integrity": "sha1-FK1hE4EtLTfXLme0ystLtyZQXxE="
        },
        "debug": {
          "version": "2.6.9",
          "resolved": "http://registry.npm.taobao.org/debug/download/debug-2.6.9.tgz",
          "integrity": "sha1-XRKFFd8TT/Mn6QpMk/Tgd6U2NB8=",
          "requires": {
            "ms": "2.0.0"
          }
        },
        "ms": {
          "version": "2.0.0",
          "resolved": "http://registry.npm.taobao.org/ms/download/ms-2.0.0.tgz",
          "integrity": "sha1-VgiurfwAvmwpAd9fmGF4jeDVl8g="
        },
        "readable-stream": {
          "version": "1.0.34",
          "resolved": "http://registry.npm.taobao.org/readable-stream/download/readable-stream-1.0.34.tgz",
          "integrity": "sha1-Elgg40vIQtLyqq+v5MKRbuMsFXw=",
          "requires": {
            "core-util-is": "~1.0.0",
            "inherits": "~2.0.1",
            "isarray": "0.0.1",
            "string_decoder": "~0.10.x"
          }
        }
      }
    },
    "stream-consume": {
      "version": "0.1.1",
      "resolved": "http://registry.npm.taobao.org/stream-consume/download/stream-consume-0.1.1.tgz",
      "integrity": "sha1-0721mMK9CugrjKx6xQsRB6eZbEg="
    },
    "string-width": {
      "version": "2.1.1",
      "resolved": "http://registry.npm.taobao.org/string-width/download/string-width-2.1.1.tgz",
      "integrity": "sha1-q5Pyeo3BPSjKyBXEYhQ6bZASrp4=",
      "requires": {
        "is-fullwidth-code-point": "^2.0.0",
        "strip-ansi": "^4.0.0"
      },
      "dependencies": {
        "ansi-regex": {
          "version": "3.0.0",
          "resolved": "http://registry.npm.taobao.org/ansi-regex/download/ansi-regex-3.0.0.tgz",
          "integrity": "sha1-7QMXwyIGT3lGbAKWa922Bas32Zg="
        },
        "strip-ansi": {
          "version": "4.0.0",
          "resolved": "http://registry.npm.taobao.org/strip-ansi/download/strip-ansi-4.0.0.tgz",
          "integrity": "sha1-qEeQIusaw2iocTibY1JixQXuNo8=",
          "requires": {
            "ansi-regex": "^3.0.0"
          }
        }
      }
    },
    "string_decoder": {
      "version": "0.10.31",
      "resolved": "http://registry.npm.taobao.org/string_decoder/download/string_decoder-0.10.31.tgz",
      "integrity": "sha1-YuIDvEF2bGwoyfyEMB2rHFMQ+pQ="
    },
    "strip-ansi": {
      "version": "5.2.0",
      "resolved": "http://registry.npm.taobao.org/strip-ansi/download/strip-ansi-5.2.0.tgz",
      "integrity": "sha1-jJpTb+tq/JYr36WxBKUJHBrZwK4=",
      "requires": {
        "ansi-regex": "^4.1.0"
      },
      "dependencies": {
        "ansi-regex": {
          "version": "4.1.0",
          "resolved": "http://registry.npm.taobao.org/ansi-regex/download/ansi-regex-4.1.0.tgz",
          "integrity": "sha1-i5+PCM8ay4Q3Vqg5yox+MWjFGZc="
        }
      }
    },
    "strip-bom": {
      "version": "3.0.0",
      "resolved": "https://registry.npm.taobao.org/strip-bom/download/strip-bom-3.0.0.tgz",
      "integrity": "sha1-IzTBjpx1n3vdVv3vfprj1YjmjtM="
    },
    "strip-eof": {
      "version": "1.0.0",
      "resolved": "http://registry.npm.taobao.org/strip-eof/download/strip-eof-1.0.0.tgz",
      "integrity": "sha1-u0P/VZim6wXYm1n80SnJgzE2Br8=",
      "dev": true
    },
    "strip-indent": {
      "version": "2.0.0",
      "resolved": "http://registry.npm.taobao.org/strip-indent/download/strip-indent-2.0.0.tgz",
      "integrity": "sha1-XvjbKV0B5u1sv3qrlpmNeCJSe2g="
    },
    "supports-color": {
      "version": "5.5.0",
      "resolved": "http://registry.npm.taobao.org/supports-color/download/supports-color-5.5.0.tgz",
      "integrity": "sha1-4uaaRKyHcveKHsCzW2id9lMO/I8=",
      "requires": {
        "has-flag": "^3.0.0"
      },
      "dependencies": {
        "has-flag": {
          "version": "3.0.0",
          "resolved": "http://registry.npm.taobao.org/has-flag/download/has-flag-3.0.0.tgz",
          "integrity": "sha1-tdRU3CGZriJWmfNGfloH87lVuv0="
        }
      }
    },
    "supports-hyperlinks": {
      "version": "1.0.1",
      "resolved": "http://registry.npm.taobao.org/supports-hyperlinks/download/supports-hyperlinks-1.0.1.tgz",
      "integrity": "sha1-cdrt82zBBgrFEAw1G7PaSMKcDvc=",
      "requires": {
        "has-flag": "^2.0.0",
        "supports-color": "^5.0.0"
      }
    },
    "terminal-link": {
      "version": "1.2.0",
      "resolved": "http://registry.npm.taobao.org/terminal-link/download/terminal-link-1.2.0.tgz",
      "integrity": "sha1-7RrEldp1qMPq3IpduYUibkUe3/0=",
      "requires": {
        "ansi-escapes": "^3.1.0",
        "supports-hyperlinks": "^1.0.1"
      }
    },
    "through": {
      "version": "2.3.8",
      "resolved": "http://registry.npm.taobao.org/through/download/through-2.3.8.tgz",
      "integrity": "sha1-DdTJ/6q8NXlgsbckEV1+Doai4fU="
    },
    "timers-ext": {
      "version": "0.1.7",
      "resolved": "http://registry.npm.taobao.org/timers-ext/download/timers-ext-0.1.7.tgz",
      "integrity": "sha1-b1ethXjgej+5+R2Th9ZWR1VeJcY=",
      "requires": {
        "es5-ext": "~0.10.46",
        "next-tick": "1"
      }
    },
    "tinycolor2": {
      "version": "1.4.1",
      "resolved": "https://registry.npm.taobao.org/tinycolor2/download/tinycolor2-1.4.1.tgz",
      "integrity": "sha1-9PrTM0R7wLB9TcjpIJ2POaisd+g="
    },
    "tinygradient": {
      "version": "0.4.3",
      "resolved": "https://registry.npm.taobao.org/tinygradient/download/tinygradient-0.4.3.tgz",
      "integrity": "sha1-Co395W+IZd7sTENaUb1bDA3sWfo=",
      "requires": {
        "@types/tinycolor2": "^1.4.0",
        "tinycolor2": "^1.0.0"
      }
    },
    "tmp": {
      "version": "0.0.33",
      "resolved": "http://registry.npm.taobao.org/tmp/download/tmp-0.0.33.tgz",
      "integrity": "sha1-bTQzWIl2jSGyvNoKonfO07G/rfk=",
      "requires": {
        "os-tmpdir": "~1.0.2"
      }
    },
    "trim-newlines": {
      "version": "2.0.0",
      "resolved": "https://registry.npm.taobao.org/trim-newlines/download/trim-newlines-2.0.0.tgz",
      "integrity": "sha1-tAPQuRvlDDMd/EuC7s6yLD3hbSA="
    },
    "tslib": {
      "version": "1.9.3",
      "resolved": "http://registry.npm.taobao.org/tslib/download/tslib-1.9.3.tgz?cache=0&other_urls=http%3A%2F%2Fregistry.npm.taobao.org%2Ftslib%2Fdownload%2Ftslib-1.9.3.tgz",
      "integrity": "sha1-1+TdeSRdhUKMTX5IIqeZF5VMooY="
    },
    "underscore": {
      "version": "1.6.0",
      "resolved": "http://registry.npm.taobao.org/underscore/download/underscore-1.6.0.tgz?cache=0&other_urls=http%3A%2F%2Fregistry.npm.taobao.org%2Funderscore%2Fdownload%2Funderscore-1.6.0.tgz",
      "integrity": "sha1-izixDKze9jM3uLJOT/htRa6lKag="
    },
    "validate-npm-package-license": {
      "version": "3.0.4",
      "resolved": "http://registry.npm.taobao.org/validate-npm-package-license/download/validate-npm-package-license-3.0.4.tgz",
      "integrity": "sha1-/JH2uce6FchX9MssXe/uw51PQQo=",
      "requires": {
        "spdx-correct": "^3.0.0",
        "spdx-expression-parse": "^3.0.0"
      }
    },
    "wordwrap": {
      "version": "0.0.3",
      "resolved": "http://registry.npm.taobao.org/wordwrap/download/wordwrap-0.0.3.tgz",
      "integrity": "sha1-o9XabNXAvAAI03I0u68b7WMFkQc=",
      "dev": true
    }
  }
}
